<?xml version="1.0" encoding="utf-8"?>
<Project ToolsVersion="4.0" xmlns="http://schemas.microsoft.com/developer/msbuild/2003">
  <ItemGroup>
    <Filter Include="Header Files">
      <UniqueIdentifier>{93995380-89BD-4b04-88EB-625FBE52EBFB}</UniqueIdentifier>
      <Extensions>h;hh;hpp;hxx;h++;hm;inl;inc;ipp;xsd</Extensions>
    </Filter>
    <Filter Include="Resource Files">
      <UniqueIdentifier>{67DA6AB6-F800-4c08-8B7A-83BB121AAD01}</UniqueIdentifier>
      <Extensions>rc;ico;cur;bmp;dlg;rc2;rct;bin;rgs;gif;jpg;jpeg;jpe;resx;tiff;tif;png;wav;mfcribbon-ms</Extensions>
    </Filter>
    <Filter Include="Application">
      <UniqueIdentifier>{73ae17a9-0015-42bf-8751-454498eed624}</UniqueIdentifier>
    </Filter>
    <Filter Include="Card">
      <UniqueIdentifier>{5accad44-b3f1-4651-8405-c201102e1f42}</UniqueIdentifier>
    </Filter>
    <Filter Include="Terminal">
      <UniqueIdentifier>{78d73ef2-d9b6-40fe-8c83-b0af307083ba}</UniqueIdentifier>
    </Filter>
    <Filter Include="Server">
      <UniqueIdentifier>{55409f11-ab7e-498a-8e60-8c731ec1e330}</UniqueIdentifier>
    </Filter>
  </ItemGroup>
  <ItemGroup>
    <ClCompile Include="app.c">
      <Filter>Application</Filter>
    </ClCompile>
    <ClCompile Include="card.c">
      <Filter>Card</Filter>
    </ClCompile>
    <ClCompile Include="terminal.c">
      <Filter>Server</Filter>
    </ClCompile>
    <ClCompile Include="server.c">
      <Filter>Terminal</Filter>
    </ClCompile>
  </ItemGroup>
  <ItemGroup>
    <ClInclude Include="app.h">
      <Filter>Application</Filter>
    </ClInclude>
    <ClInclude Include="card.h">
      <Filter>Card</Filter>
    </ClInclude>
    <ClInclude Include="terminal.h">
      <Filter>Server</Filter>
    </ClInclude>
    <ClInclude Include="server.h">
      <Filter>Terminal</Filter>
    </ClInclude>
  </ItemGroup>
</Project>